{
  "name": "example-integration-algolia",
  "version": "1.0.0",
  "lockfileVersion": 2,
  "requires": true,
  "packages": {
    "": {
      "name": "example-integration-algolia",
      "version": "1.0.0",
      "license": "MIT",
      "dependencies": {
        "@kontent-ai/delivery-sdk": "^12.2.0",
        "@kontent-ai/webhook-helper": "^2.0.1",
        "@netlify/functions": "^1.2.0",
        "@types/node": "^18.7.23",
        "algoliasearch": "^4.14.2",
        "axios": "^0.21.1",
        "typescript": "^4.8.4"
      }
    },
    "node_modules/@algolia/cache-browser-local-storage": {
      "version": "4.14.2",
      "resolved": "https://registry.npmjs.org/@algolia/cache-browser-local-storage/-/cache-browser-local-storage-4.14.2.tgz",
      "integrity": "sha512-FRweBkK/ywO+GKYfAWbrepewQsPTIEirhi1BdykX9mxvBPtGNKccYAxvGdDCumU1jL4r3cayio4psfzKMejBlA==",
      "dependencies": {
        "@algolia/cache-common": "4.14.2"
      }
    },
    "node_modules/@algolia/cache-common": {
      "version": "4.14.2",
      "resolved": "https://registry.npmjs.org/@algolia/cache-common/-/cache-common-4.14.2.tgz",
      "integrity": "sha512-SbvAlG9VqNanCErr44q6lEKD2qoK4XtFNx9Qn8FK26ePCI8I9yU7pYB+eM/cZdS9SzQCRJBbHUumVr4bsQ4uxg=="
    },
    "node_modules/@algolia/cache-in-memory": {
      "version": "4.14.2",
      "resolved": "https://registry.npmjs.org/@algolia/cache-in-memory/-/cache-in-memory-4.14.2.tgz",
      "integrity": "sha512-HrOukWoop9XB/VFojPv1R5SVXowgI56T9pmezd/djh2JnVN/vXswhXV51RKy4nCpqxyHt/aGFSq2qkDvj6KiuQ==",
      "dependencies": {
        "@algolia/cache-common": "4.14.2"
      }
    },
    "node_modules/@algolia/client-account": {
      "version": "4.14.2",
      "resolved": "https://registry.npmjs.org/@algolia/client-account/-/client-account-4.14.2.tgz",
      "integrity": "sha512-WHtriQqGyibbb/Rx71YY43T0cXqyelEU0lB2QMBRXvD2X0iyeGl4qMxocgEIcbHyK7uqE7hKgjT8aBrHqhgc1w==",
      "dependencies": {
        "@algolia/client-common": "4.14.2",
        "@algolia/client-search": "4.14.2",
        "@algolia/transporter": "4.14.2"
      }
    },
    "node_modules/@algolia/client-analytics": {
      "version": "4.14.2",
      "resolved": "https://registry.npmjs.org/@algolia/client-analytics/-/client-analytics-4.14.2.tgz",
      "integrity": "sha512-yBvBv2mw+HX5a+aeR0dkvUbFZsiC4FKSnfqk9rrfX+QrlNOKEhCG0tJzjiOggRW4EcNqRmaTULIYvIzQVL2KYQ==",
      "dependencies": {
        "@algolia/client-common": "4.14.2",
        "@algolia/client-search": "4.14.2",
        "@algolia/requester-common": "4.14.2",
        "@algolia/transporter": "4.14.2"
      }
    },
    "node_modules/@algolia/client-common": {
      "version": "4.14.2",
      "resolved": "https://registry.npmjs.org/@algolia/client-common/-/client-common-4.14.2.tgz",
      "integrity": "sha512-43o4fslNLcktgtDMVaT5XwlzsDPzlqvqesRi4MjQz2x4/Sxm7zYg5LRYFol1BIhG6EwxKvSUq8HcC/KxJu3J0Q==",
      "dependencies": {
        "@algolia/requester-common": "4.14.2",
        "@algolia/transporter": "4.14.2"
      }
    },
    "node_modules/@algolia/client-personalization": {
      "version": "4.14.2",
      "resolved": "https://registry.npmjs.org/@algolia/client-personalization/-/client-personalization-4.14.2.tgz",
      "integrity": "sha512-ACCoLi0cL8CBZ1W/2juehSltrw2iqsQBnfiu/Rbl9W2yE6o2ZUb97+sqN/jBqYNQBS+o0ekTMKNkQjHHAcEXNw==",
      "dependencies": {
        "@algolia/client-common": "4.14.2",
        "@algolia/requester-common": "4.14.2",
        "@algolia/transporter": "4.14.2"
      }
    },
    "node_modules/@algolia/client-search": {
      "version": "4.14.2",
      "resolved": "https://registry.npmjs.org/@algolia/client-search/-/client-search-4.14.2.tgz",
      "integrity": "sha512-L5zScdOmcZ6NGiVbLKTvP02UbxZ0njd5Vq9nJAmPFtjffUSOGEp11BmD2oMJ5QvARgx2XbX4KzTTNS5ECYIMWw==",
      "dependencies": {
        "@algolia/client-common": "4.14.2",
        "@algolia/requester-common": "4.14.2",
        "@algolia/transporter": "4.14.2"
      }
    },
    "node_modules/@algolia/logger-common": {
      "version": "4.14.2",
      "resolved": "https://registry.npmjs.org/@algolia/logger-common/-/logger-common-4.14.2.tgz",
      "integrity": "sha512-/JGlYvdV++IcMHBnVFsqEisTiOeEr6cUJtpjz8zc0A9c31JrtLm318Njc72p14Pnkw3A/5lHHh+QxpJ6WFTmsA=="
    },
    "node_modules/@algolia/logger-console": {
      "version": "4.14.2",
      "resolved": "https://registry.npmjs.org/@algolia/logger-console/-/logger-console-4.14.2.tgz",
      "integrity": "sha512-8S2PlpdshbkwlLCSAB5f8c91xyc84VM9Ar9EdfE9UmX+NrKNYnWR1maXXVDQQoto07G1Ol/tYFnFVhUZq0xV/g==",
      "dependencies": {
        "@algolia/logger-common": "4.14.2"
      }
    },
    "node_modules/@algolia/requester-browser-xhr": {
      "version": "4.14.2",
      "resolved": "https://registry.npmjs.org/@algolia/requester-browser-xhr/-/requester-browser-xhr-4.14.2.tgz",
      "integrity": "sha512-CEh//xYz/WfxHFh7pcMjQNWgpl4wFB85lUMRyVwaDPibNzQRVcV33YS+63fShFWc2+42YEipFGH2iPzlpszmDw==",
      "dependencies": {
        "@algolia/requester-common": "4.14.2"
      }
    },
    "node_modules/@algolia/requester-common": {
      "version": "4.14.2",
      "resolved": "https://registry.npmjs.org/@algolia/requester-common/-/requester-common-4.14.2.tgz",
      "integrity": "sha512-73YQsBOKa5fvVV3My7iZHu1sUqmjjfs9TteFWwPwDmnad7T0VTCopttcsM3OjLxZFtBnX61Xxl2T2gmG2O4ehg=="
    },
    "node_modules/@algolia/requester-node-http": {
      "version": "4.14.2",
      "resolved": "https://registry.npmjs.org/@algolia/requester-node-http/-/requester-node-http-4.14.2.tgz",
      "integrity": "sha512-oDbb02kd1o5GTEld4pETlPZLY0e+gOSWjWMJHWTgDXbv9rm/o2cF7japO6Vj1ENnrqWvLBmW1OzV9g6FUFhFXg==",
      "dependencies": {
        "@algolia/requester-common": "4.14.2"
      }
    },
    "node_modules/@algolia/transporter": {
      "version": "4.14.2",
      "resolved": "https://registry.npmjs.org/@algolia/transporter/-/transporter-4.14.2.tgz",
      "integrity": "sha512-t89dfQb2T9MFQHidjHcfhh6iGMNwvuKUvojAj+JsrHAGbuSy7yE4BylhLX6R0Q1xYRoC4Vvv+O5qIw/LdnQfsQ==",
      "dependencies": {
        "@algolia/cache-common": "4.14.2",
        "@algolia/logger-common": "4.14.2",
        "@algolia/requester-common": "4.14.2"
      }
    },
    "node_modules/@kontent-ai/core-sdk": {
      "version": "10.0.0",
      "resolved": "https://registry.npmjs.org/@kontent-ai/core-sdk/-/core-sdk-10.0.0.tgz",
      "integrity": "sha512-Qm3QbNmnsXPweHvB3roa5WuX0Z0Uesg0ehfJGM6Gr/5eI4/dCXs+M3CA2fB+KQ/mQoxJ9hbLyIXbhPiFVS+eZw==",
      "dependencies": {
        "axios": "0.27.2"
      },
      "engines": {
        "node": ">= 8"
      }
    },
    "node_modules/@kontent-ai/core-sdk/node_modules/axios": {
      "version": "0.27.2",
      "resolved": "https://registry.npmjs.org/axios/-/axios-0.27.2.tgz",
      "integrity": "sha512-t+yRIyySRTp/wua5xEr+z1q60QmLq8ABsS5O9Me1AsE5dfKqgnCFzwiCZZ/cGNd1lq4/7akDWMxdhVlucjmnOQ==",
      "dependencies": {
        "follow-redirects": "^1.14.9",
        "form-data": "^4.0.0"
      }
    },
    "node_modules/@kontent-ai/delivery-sdk": {
      "version": "12.2.0",
      "resolved": "https://registry.npmjs.org/@kontent-ai/delivery-sdk/-/delivery-sdk-12.2.0.tgz",
      "integrity": "sha512-OmmQBvUX0va31CFEcrKuL4OTWBqC3fiCt2a1KBAQvA7Ksjc3pkCQGuJrMdZmX1K/48xPBwueFtEJuOA4c2u3Dg==",
      "dependencies": {
        "@kontent-ai/core-sdk": "10.0.0",
        "url-parse": "1.5.10",
        "uuid": "9.0.0"
      },
      "engines": {
        "node": ">= 8"
      }
    },
    "node_modules/@kontent-ai/webhook-helper": {
      "version": "2.0.1",
      "resolved": "https://registry.npmjs.org/@kontent-ai/webhook-helper/-/webhook-helper-2.0.1.tgz",
      "integrity": "sha512-HsLqWN78CMbqE7Fi1n/pazAEEYmD4rqfTY1VP1F9o6UG+v/ytqM2yIaCzgsasOg0xOrKcwmu5Md+TNWfzqnp7Q==",
      "engines": {
        "node": ">= 8"
      }
    },
    "node_modules/@netlify/functions": {
      "version": "1.2.0",
      "resolved": "https://registry.npmjs.org/@netlify/functions/-/functions-1.2.0.tgz",
      "integrity": "sha512-zCOJPoZQLv4ISHjyBS7asqzR6Y9NU+Vb0VKYDD0xUwYmReMhLTDchjGMkt5x0Jk1EVnJwUvA29rGyQEj3tIgAA==",
      "dependencies": {
        "is-promise": "^4.0.0"
      },
      "engines": {
        "node": ">=8.3.0"
      }
    },
    "node_modules/@types/node": {
      "version": "18.7.23",
      "resolved": "https://registry.npmjs.org/@types/node/-/node-18.7.23.tgz",
      "integrity": "sha512-DWNcCHolDq0ZKGizjx2DZjR/PqsYwAcYUJmfMWqtVU2MBMG5Mo+xFZrhGId5r/O5HOuMPyQEcM6KUBp5lBZZBg=="
    },
    "node_modules/algoliasearch": {
      "version": "4.14.2",
      "resolved": "https://registry.npmjs.org/algoliasearch/-/algoliasearch-4.14.2.tgz",
      "integrity": "sha512-ngbEQonGEmf8dyEh5f+uOIihv4176dgbuOZspiuhmTTBRBuzWu3KCGHre6uHj5YyuC7pNvQGzB6ZNJyZi0z+Sg==",
      "dependencies": {
        "@algolia/cache-browser-local-storage": "4.14.2",
        "@algolia/cache-common": "4.14.2",
        "@algolia/cache-in-memory": "4.14.2",
        "@algolia/client-account": "4.14.2",
        "@algolia/client-analytics": "4.14.2",
        "@algolia/client-common": "4.14.2",
        "@algolia/client-personalization": "4.14.2",
        "@algolia/client-search": "4.14.2",
        "@algolia/logger-common": "4.14.2",
        "@algolia/logger-console": "4.14.2",
        "@algolia/requester-browser-xhr": "4.14.2",
        "@algolia/requester-common": "4.14.2",
        "@algolia/requester-node-http": "4.14.2",
        "@algolia/transporter": "4.14.2"
      }
    },
    "node_modules/asynckit": {
      "version": "0.4.0",
      "resolved": "https://registry.npmjs.org/asynckit/-/asynckit-0.4.0.tgz",
      "integrity": "sha512-Oei9OH4tRh0YqU3GxhX79dM/mwVgvbZJaSNaRk+bshkj0S5cfHcgYakreBjrHwatXKbz+IoIdYLxrKim2MjW0Q=="
    },
    "node_modules/axios": {
      "version": "0.21.4",
      "resolved": "https://registry.npmjs.org/axios/-/axios-0.21.4.tgz",
      "integrity": "sha512-ut5vewkiu8jjGBdqpM44XxjuCjq9LAKeHVmoVfHVzy8eHgxxq8SbAVQNovDA8mVi05kP0Ea/n/UzcSHcTJQfNg==",
      "dependencies": {
        "follow-redirects": "^1.14.0"
      }
    },
    "node_modules/combined-stream": {
      "version": "1.0.8",
      "resolved": "https://registry.npmjs.org/combined-stream/-/combined-stream-1.0.8.tgz",
      "integrity": "sha512-FQN4MRfuJeHf7cBbBMJFXhKSDq+2kAArBlmRBvcvFE5BB1HZKXtSFASDhdlz9zOYwxh8lDdnvmMOe/+5cdoEdg==",
      "dependencies": {
        "delayed-stream": "~1.0.0"
      },
      "engines": {
        "node": ">= 0.8"
      }
    },
    "node_modules/delayed-stream": {
      "version": "1.0.0",
      "resolved": "https://registry.npmjs.org/delayed-stream/-/delayed-stream-1.0.0.tgz",
      "integrity": "sha512-ZySD7Nf91aLB0RxL4KGrKHBXl7Eds1DAmEdcoVawXnLD7SDhpNgtuII2aAkg7a7QS41jxPSZ17p4VdGnMHk3MQ==",
      "engines": {
        "node": ">=0.4.0"
      }
    },
    "node_modules/follow-redirects": {
      "version": "1.15.2",
      "resolved": "https://registry.npmjs.org/follow-redirects/-/follow-redirects-1.15.2.tgz",
      "integrity": "sha512-VQLG33o04KaQ8uYi2tVNbdrWp1QWxNNea+nmIB4EVM28v0hmP17z7aG1+wAkNzVq4KeXTq3221ye5qTJP91JwA==",
      "funding": [
        {
          "type": "individual",
          "url": "https://github.com/sponsors/RubenVerborgh"
        }
      ],
      "engines": {
        "node": ">=4.0"
      },
      "peerDependenciesMeta": {
        "debug": {
          "optional": true
        }
      }
    },
    "node_modules/form-data": {
      "version": "4.0.0",
      "resolved": "https://registry.npmjs.org/form-data/-/form-data-4.0.0.tgz",
      "integrity": "sha512-ETEklSGi5t0QMZuiXoA/Q6vcnxcLQP5vdugSpuAyi6SVGi2clPPp+xgEhuMaHC+zGgn31Kd235W35f7Hykkaww==",
      "dependencies": {
        "asynckit": "^0.4.0",
        "combined-stream": "^1.0.8",
        "mime-types": "^2.1.12"
      },
      "engines": {
        "node": ">= 6"
      }
    },
    "node_modules/is-promise": {
      "version": "4.0.0",
      "resolved": "https://registry.npmjs.org/is-promise/-/is-promise-4.0.0.tgz",
      "integrity": "sha512-hvpoI6korhJMnej285dSg6nu1+e6uxs7zG3BYAm5byqDsgJNWwxzM6z6iZiAgQR4TJ30JmBTOwqZUw3WlyH3AQ=="
    },
    "node_modules/mime-db": {
      "version": "1.52.0",
      "resolved": "https://registry.npmjs.org/mime-db/-/mime-db-1.52.0.tgz",
      "integrity": "sha512-sPU4uV7dYlvtWJxwwxHD0PuihVNiE7TyAbQ5SWxDCB9mUYvOgroQOwYQQOKPJ8CIbE+1ETVlOoK1UC2nU3gYvg==",
      "engines": {
        "node": ">= 0.6"
      }
    },
    "node_modules/mime-types": {
      "version": "2.1.35",
      "resolved": "https://registry.npmjs.org/mime-types/-/mime-types-2.1.35.tgz",
      "integrity": "sha512-ZDY+bPm5zTTF+YpCrAU9nK0UgICYPT0QtT1NZWFv4s++TNkcgVaT0g6+4R2uI4MjQjzysHB1zxuWL50hzaeXiw==",
      "dependencies": {
        "mime-db": "1.52.0"
      },
      "engines": {
        "node": ">= 0.6"
      }
    },
    "node_modules/querystringify": {
      "version": "2.2.0",
      "resolved": "https://registry.npmjs.org/querystringify/-/querystringify-2.2.0.tgz",
      "integrity": "sha512-FIqgj2EUvTa7R50u0rGsyTftzjYmv/a3hO345bZNrqabNqjtgiDMgmo4mkUjd+nzU5oF3dClKqFIPUKybUyqoQ=="
    },
    "node_modules/requires-port": {
      "version": "1.0.0",
      "resolved": "https://registry.npmjs.org/requires-port/-/requires-port-1.0.0.tgz",
      "integrity": "sha512-KigOCHcocU3XODJxsu8i/j8T9tzT4adHiecwORRQ0ZZFcp7ahwXuRU1m+yuO90C5ZUyGeGfocHDI14M3L3yDAQ=="
    },
    "node_modules/typescript": {
      "version": "4.8.4",
      "resolved": "https://registry.npmjs.org/typescript/-/typescript-4.8.4.tgz",
      "integrity": "sha512-QCh+85mCy+h0IGff8r5XWzOVSbBO+KfeYrMQh7NJ58QujwcE22u+NUSmUxqF+un70P9GXKxa2HCNiTTMJknyjQ==",
      "bin": {
        "tsc": "bin/tsc",
        "tsserver": "bin/tsserver"
      },
      "engines": {
        "node": ">=4.2.0"
      }
    },
    "node_modules/url-parse": {
      "version": "1.5.10",
      "resolved": "https://registry.npmjs.org/url-parse/-/url-parse-1.5.10.tgz",
      "integrity": "sha512-WypcfiRhfeUP9vvF0j6rw0J3hrWrw6iZv3+22h6iRMJ/8z1Tj6XfLP4DsUix5MhMPnXpiHDoKyoZ/bdCkwBCiQ==",
      "dependencies": {
        "querystringify": "^2.1.1",
        "requires-port": "^1.0.0"
      }
    },
    "node_modules/uuid": {
      "version": "9.0.0",
      "resolved": "https://registry.npmjs.org/uuid/-/uuid-9.0.0.tgz",
      "integrity": "sha512-MXcSTerfPa4uqyzStbRoTgt5XIe3x5+42+q1sDuy3R5MDk66URdLMOZe5aPX/SQd+kuYAh0FdP/pO28IkQyTeg==",
      "bin": {
        "uuid": "dist/bin/uuid"
      }
    }
  },
  "dependencies": {
    "@algolia/cache-browser-local-storage": {
      "version": "4.14.2",
      "resolved": "https://registry.npmjs.org/@algolia/cache-browser-local-storage/-/cache-browser-local-storage-4.14.2.tgz",
      "integrity": "sha512-FRweBkK/ywO+GKYfAWbrepewQsPTIEirhi1BdykX9mxvBPtGNKccYAxvGdDCumU1jL4r3cayio4psfzKMejBlA==",
      "requires": {
        "@algolia/cache-common": "4.14.2"
      }
    },
    "@algolia/cache-common": {
      "version": "4.14.2",
      "resolved": "https://registry.npmjs.org/@algolia/cache-common/-/cache-common-4.14.2.tgz",
      "integrity": "sha512-SbvAlG9VqNanCErr44q6lEKD2qoK4XtFNx9Qn8FK26ePCI8I9yU7pYB+eM/cZdS9SzQCRJBbHUumVr4bsQ4uxg=="
    },
    "@algolia/cache-in-memory": {
      "version": "4.14.2",
      "resolved": "https://registry.npmjs.org/@algolia/cache-in-memory/-/cache-in-memory-4.14.2.tgz",
      "integrity": "sha512-HrOukWoop9XB/VFojPv1R5SVXowgI56T9pmezd/djh2JnVN/vXswhXV51RKy4nCpqxyHt/aGFSq2qkDvj6KiuQ==",
      "requires": {
        "@algolia/cache-common": "4.14.2"
      }
    },
    "@algolia/client-account": {
      "version": "4.14.2",
      "resolved": "https://registry.npmjs.org/@algolia/client-account/-/client-account-4.14.2.tgz",
      "integrity": "sha512-WHtriQqGyibbb/Rx71YY43T0cXqyelEU0lB2QMBRXvD2X0iyeGl4qMxocgEIcbHyK7uqE7hKgjT8aBrHqhgc1w==",
      "requires": {
        "@algolia/client-common": "4.14.2",
        "@algolia/client-search": "4.14.2",
        "@algolia/transporter": "4.14.2"
      }
    },
    "@algolia/client-analytics": {
      "version": "4.14.2",
      "resolved": "https://registry.npmjs.org/@algolia/client-analytics/-/client-analytics-4.14.2.tgz",
      "integrity": "sha512-yBvBv2mw+HX5a+aeR0dkvUbFZsiC4FKSnfqk9rrfX+QrlNOKEhCG0tJzjiOggRW4EcNqRmaTULIYvIzQVL2KYQ==",
      "requires": {
        "@algolia/client-common": "4.14.2",
        "@algolia/client-search": "4.14.2",
        "@algolia/requester-common": "4.14.2",
        "@algolia/transporter": "4.14.2"
      }
    },
    "@algolia/client-common": {
      "version": "4.14.2",
      "resolved": "https://registry.npmjs.org/@algolia/client-common/-/client-common-4.14.2.tgz",
      "integrity": "sha512-43o4fslNLcktgtDMVaT5XwlzsDPzlqvqesRi4MjQz2x4/Sxm7zYg5LRYFol1BIhG6EwxKvSUq8HcC/KxJu3J0Q==",
      "requires": {
        "@algolia/requester-common": "4.14.2",
        "@algolia/transporter": "4.14.2"
      }
    },
    "@algolia/client-personalization": {
      "version": "4.14.2",
      "resolved": "https://registry.npmjs.org/@algolia/client-personalization/-/client-personalization-4.14.2.tgz",
      "integrity": "sha512-ACCoLi0cL8CBZ1W/2juehSltrw2iqsQBnfiu/Rbl9W2yE6o2ZUb97+sqN/jBqYNQBS+o0ekTMKNkQjHHAcEXNw==",
      "requires": {
        "@algolia/client-common": "4.14.2",
        "@algolia/requester-common": "4.14.2",
        "@algolia/transporter": "4.14.2"
      }
    },
    "@algolia/client-search": {
      "version": "4.14.2",
      "resolved": "https://registry.npmjs.org/@algolia/client-search/-/client-search-4.14.2.tgz",
      "integrity": "sha512-L5zScdOmcZ6NGiVbLKTvP02UbxZ0njd5Vq9nJAmPFtjffUSOGEp11BmD2oMJ5QvARgx2XbX4KzTTNS5ECYIMWw==",
      "requires": {
        "@algolia/client-common": "4.14.2",
        "@algolia/requester-common": "4.14.2",
        "@algolia/transporter": "4.14.2"
      }
    },
    "@algolia/logger-common": {
      "version": "4.14.2",
      "resolved": "https://registry.npmjs.org/@algolia/logger-common/-/logger-common-4.14.2.tgz",
      "integrity": "sha512-/JGlYvdV++IcMHBnVFsqEisTiOeEr6cUJtpjz8zc0A9c31JrtLm318Njc72p14Pnkw3A/5lHHh+QxpJ6WFTmsA=="
    },
    "@algolia/logger-console": {
      "version": "4.14.2",
      "resolved": "https://registry.npmjs.org/@algolia/logger-console/-/logger-console-4.14.2.tgz",
      "integrity": "sha512-8S2PlpdshbkwlLCSAB5f8c91xyc84VM9Ar9EdfE9UmX+NrKNYnWR1maXXVDQQoto07G1Ol/tYFnFVhUZq0xV/g==",
      "requires": {
        "@algolia/logger-common": "4.14.2"
      }
    },
    "@algolia/requester-browser-xhr": {
      "version": "4.14.2",
      "resolved": "https://registry.npmjs.org/@algolia/requester-browser-xhr/-/requester-browser-xhr-4.14.2.tgz",
      "integrity": "sha512-CEh//xYz/WfxHFh7pcMjQNWgpl4wFB85lUMRyVwaDPibNzQRVcV33YS+63fShFWc2+42YEipFGH2iPzlpszmDw==",
      "requires": {
        "@algolia/requester-common": "4.14.2"
      }
    },
    "@algolia/requester-common": {
      "version": "4.14.2",
      "resolved": "https://registry.npmjs.org/@algolia/requester-common/-/requester-common-4.14.2.tgz",
      "integrity": "sha512-73YQsBOKa5fvVV3My7iZHu1sUqmjjfs9TteFWwPwDmnad7T0VTCopttcsM3OjLxZFtBnX61Xxl2T2gmG2O4ehg=="
    },
    "@algolia/requester-node-http": {
      "version": "4.14.2",
      "resolved": "https://registry.npmjs.org/@algolia/requester-node-http/-/requester-node-http-4.14.2.tgz",
      "integrity": "sha512-oDbb02kd1o5GTEld4pETlPZLY0e+gOSWjWMJHWTgDXbv9rm/o2cF7japO6Vj1ENnrqWvLBmW1OzV9g6FUFhFXg==",
      "requires": {
        "@algolia/requester-common": "4.14.2"
      }
    },
    "@algolia/transporter": {
      "version": "4.14.2",
      "resolved": "https://registry.npmjs.org/@algolia/transporter/-/transporter-4.14.2.tgz",
      "integrity": "sha512-t89dfQb2T9MFQHidjHcfhh6iGMNwvuKUvojAj+JsrHAGbuSy7yE4BylhLX6R0Q1xYRoC4Vvv+O5qIw/LdnQfsQ==",
      "requires": {
        "@algolia/cache-common": "4.14.2",
        "@algolia/logger-common": "4.14.2",
        "@algolia/requester-common": "4.14.2"
      }
    },
    "@kontent-ai/core-sdk": {
      "version": "10.0.0",
      "resolved": "https://registry.npmjs.org/@kontent-ai/core-sdk/-/core-sdk-10.0.0.tgz",
      "integrity": "sha512-Qm3QbNmnsXPweHvB3roa5WuX0Z0Uesg0ehfJGM6Gr/5eI4/dCXs+M3CA2fB+KQ/mQoxJ9hbLyIXbhPiFVS+eZw==",
      "requires": {
        "axios": "0.27.2"
      },
      "dependencies": {
        "axios": {
          "version": "0.27.2",
          "resolved": "https://registry.npmjs.org/axios/-/axios-0.27.2.tgz",
          "integrity": "sha512-t+yRIyySRTp/wua5xEr+z1q60QmLq8ABsS5O9Me1AsE5dfKqgnCFzwiCZZ/cGNd1lq4/7akDWMxdhVlucjmnOQ==",
          "requires": {
            "follow-redirects": "^1.14.9",
            "form-data": "^4.0.0"
          }
        }
      }
    },
    "@kontent-ai/delivery-sdk": {
      "version": "12.2.0",
      "resolved": "https://registry.npmjs.org/@kontent-ai/delivery-sdk/-/delivery-sdk-12.2.0.tgz",
      "integrity": "sha512-OmmQBvUX0va31CFEcrKuL4OTWBqC3fiCt2a1KBAQvA7Ksjc3pkCQGuJrMdZmX1K/48xPBwueFtEJuOA4c2u3Dg==",
      "requires": {
        "@kontent-ai/core-sdk": "10.0.0",
        "url-parse": "1.5.10",
        "uuid": "9.0.0"
      }
    },
    "@kontent-ai/webhook-helper": {
      "version": "2.0.1",
      "resolved": "https://registry.npmjs.org/@kontent-ai/webhook-helper/-/webhook-helper-2.0.1.tgz",
      "integrity": "sha512-HsLqWN78CMbqE7Fi1n/pazAEEYmD4rqfTY1VP1F9o6UG+v/ytqM2yIaCzgsasOg0xOrKcwmu5Md+TNWfzqnp7Q=="
    },
    "@netlify/functions": {
      "version": "1.2.0",
      "resolved": "https://registry.npmjs.org/@netlify/functions/-/functions-1.2.0.tgz",
      "integrity": "sha512-zCOJPoZQLv4ISHjyBS7asqzR6Y9NU+Vb0VKYDD0xUwYmReMhLTDchjGMkt5x0Jk1EVnJwUvA29rGyQEj3tIgAA==",
      "requires": {
        "is-promise": "^4.0.0"
      }
    },
    "@types/node": {
      "version": "18.7.23",
      "resolved": "https://registry.npmjs.org/@types/node/-/node-18.7.23.tgz",
      "integrity": "sha512-DWNcCHolDq0ZKGizjx2DZjR/PqsYwAcYUJmfMWqtVU2MBMG5Mo+xFZrhGId5r/O5HOuMPyQEcM6KUBp5lBZZBg=="
    },
    "algoliasearch": {
      "version": "4.14.2",
      "resolved": "https://registry.npmjs.org/algoliasearch/-/algoliasearch-4.14.2.tgz",
      "integrity": "sha512-ngbEQonGEmf8dyEh5f+uOIihv4176dgbuOZspiuhmTTBRBuzWu3KCGHre6uHj5YyuC7pNvQGzB6ZNJyZi0z+Sg==",
      "requires": {
        "@algolia/cache-browser-local-storage": "4.14.2",
        "@algolia/cache-common": "4.14.2",
        "@algolia/cache-in-memory": "4.14.2",
        "@algolia/client-account": "4.14.2",
        "@algolia/client-analytics": "4.14.2",
        "@algolia/client-common": "4.14.2",
        "@algolia/client-personalization": "4.14.2",
        "@algolia/client-search": "4.14.2",
        "@algolia/logger-common": "4.14.2",
        "@algolia/logger-console": "4.14.2",
        "@algolia/requester-browser-xhr": "4.14.2",
        "@algolia/requester-common": "4.14.2",
        "@algolia/requester-node-http": "4.14.2",
        "@algolia/transporter": "4.14.2"
      }
    },
    "asynckit": {
      "version": "0.4.0",
      "resolved": "https://registry.npmjs.org/asynckit/-/asynckit-0.4.0.tgz",
      "integrity": "sha512-Oei9OH4tRh0YqU3GxhX79dM/mwVgvbZJaSNaRk+bshkj0S5cfHcgYakreBjrHwatXKbz+IoIdYLxrKim2MjW0Q=="
    },
    "axios": {
      "version": "0.21.4",
      "resolved": "https://registry.npmjs.org/axios/-/axios-0.21.4.tgz",
      "integrity": "sha512-ut5vewkiu8jjGBdqpM44XxjuCjq9LAKeHVmoVfHVzy8eHgxxq8SbAVQNovDA8mVi05kP0Ea/n/UzcSHcTJQfNg==",
      "requires": {
        "follow-redirects": "^1.14.0"
      }
    },
    "combined-stream": {
      "version": "1.0.8",
      "resolved": "https://registry.npmjs.org/combined-stream/-/combined-stream-1.0.8.tgz",
      "integrity": "sha512-FQN4MRfuJeHf7cBbBMJFXhKSDq+2kAArBlmRBvcvFE5BB1HZKXtSFASDhdlz9zOYwxh8lDdnvmMOe/+5cdoEdg==",
      "requires": {
        "delayed-stream": "~1.0.0"
      }
    },
    "delayed-stream": {
      "version": "1.0.0",
      "resolved": "https://registry.npmjs.org/delayed-stream/-/delayed-stream-1.0.0.tgz",
      "integrity": "sha512-ZySD7Nf91aLB0RxL4KGrKHBXl7Eds1DAmEdcoVawXnLD7SDhpNgtuII2aAkg7a7QS41jxPSZ17p4VdGnMHk3MQ=="
    },
    "follow-redirects": {
      "version": "1.15.2",
      "resolved": "https://registry.npmjs.org/follow-redirects/-/follow-redirects-1.15.2.tgz",
      "integrity": "sha512-VQLG33o04KaQ8uYi2tVNbdrWp1QWxNNea+nmIB4EVM28v0hmP17z7aG1+wAkNzVq4KeXTq3221ye5qTJP91JwA=="
    },
    "form-data": {
      "version": "4.0.0",
      "resolved": "https://registry.npmjs.org/form-data/-/form-data-4.0.0.tgz",
      "integrity": "sha512-ETEklSGi5t0QMZuiXoA/Q6vcnxcLQP5vdugSpuAyi6SVGi2clPPp+xgEhuMaHC+zGgn31Kd235W35f7Hykkaww==",
      "requires": {
        "asynckit": "^0.4.0",
        "combined-stream": "^1.0.8",
        "mime-types": "^2.1.12"
      }
    },
    "is-promise": {
      "version": "4.0.0",
      "resolved": "https://registry.npmjs.org/is-promise/-/is-promise-4.0.0.tgz",
      "integrity": "sha512-hvpoI6korhJMnej285dSg6nu1+e6uxs7zG3BYAm5byqDsgJNWwxzM6z6iZiAgQR4TJ30JmBTOwqZUw3WlyH3AQ=="
    },
    "mime-db": {
      "version": "1.52.0",
      "resolved": "https://registry.npmjs.org/mime-db/-/mime-db-1.52.0.tgz",
      "integrity": "sha512-sPU4uV7dYlvtWJxwwxHD0PuihVNiE7TyAbQ5SWxDCB9mUYvOgroQOwYQQOKPJ8CIbE+1ETVlOoK1UC2nU3gYvg=="
    },
    "mime-types": {
      "version": "2.1.35",
      "resolved": "https://registry.npmjs.org/mime-types/-/mime-types-2.1.35.tgz",
      "integrity": "sha512-ZDY+bPm5zTTF+YpCrAU9nK0UgICYPT0QtT1NZWFv4s++TNkcgVaT0g6+4R2uI4MjQjzysHB1zxuWL50hzaeXiw==",
      "requires": {
        "mime-db": "1.52.0"
      }
    },
    "querystringify": {
      "version": "2.2.0",
      "resolved": "https://registry.npmjs.org/querystringify/-/querystringify-2.2.0.tgz",
      "integrity": "sha512-FIqgj2EUvTa7R50u0rGsyTftzjYmv/a3hO345bZNrqabNqjtgiDMgmo4mkUjd+nzU5oF3dClKqFIPUKybUyqoQ=="
    },
    "requires-port": {
      "version": "1.0.0",
      "resolved": "https://registry.npmjs.org/requires-port/-/requires-port-1.0.0.tgz",
      "integrity": "sha512-KigOCHcocU3XODJxsu8i/j8T9tzT4adHiecwORRQ0ZZFcp7ahwXuRU1m+yuO90C5ZUyGeGfocHDI14M3L3yDAQ=="
    },
    "typescript": {
      "version": "4.8.4",
      "resolved": "https://registry.npmjs.org/typescript/-/typescript-4.8.4.tgz",
      "integrity": "sha512-QCh+85mCy+h0IGff8r5XWzOVSbBO+KfeYrMQh7NJ58QujwcE22u+NUSmUxqF+un70P9GXKxa2HCNiTTMJknyjQ=="
    },
    "url-parse": {
      "version": "1.5.10",
      "resolved": "https://registry.npmjs.org/url-parse/-/url-parse-1.5.10.tgz",
      "integrity": "sha512-WypcfiRhfeUP9vvF0j6rw0J3hrWrw6iZv3+22h6iRMJ/8z1Tj6XfLP4DsUix5MhMPnXpiHDoKyoZ/bdCkwBCiQ==",
      "requires": {
        "querystringify": "^2.1.1",
        "requires-port": "^1.0.0"
      }
    },
    "uuid": {
      "version": "9.0.0",
      "resolved": "https://registry.npmjs.org/uuid/-/uuid-9.0.0.tgz",
      "integrity": "sha512-MXcSTerfPa4uqyzStbRoTgt5XIe3x5+42+q1sDuy3R5MDk66URdLMOZe5aPX/SQd+kuYAh0FdP/pO28IkQyTeg=="
    }
  }
}
