{
  "name": "example-integration-algolia",
  "version": "1.0.0",
  "lockfileVersion": 2,
  "requires": true,
  "packages": {
    "": {
      "name": "example-integration-algolia",
      "version": "1.0.0",
      "license": "MIT",
      "dependencies": {
        "@kentico/kontent-delivery": "^10.3.0",
        "@kentico/kontent-webhook-helper": "^1.1.0",
        "algoliasearch": "^4.8.6",
        "axios": "^0.21.1"
      },
      "devDependencies": {
        "typescript": "^3.9.7"
      }
    },
    "node_modules/@algolia/cache-browser-local-storage": {
      "version": "4.14.2",
      "resolved": "https://registry.npmjs.org/@algolia/cache-browser-local-storage/-/cache-browser-local-storage-4.14.2.tgz",
      "integrity": "sha512-FRweBkK/ywO+GKYfAWbrepewQsPTIEirhi1BdykX9mxvBPtGNKccYAxvGdDCumU1jL4r3cayio4psfzKMejBlA==",
      "dependencies": {
        "@algolia/cache-common": "4.14.2"
      }
    },
    "node_modules/@algolia/cache-common": {
      "version": "4.14.2",
      "resolved": "https://registry.npmjs.org/@algolia/cache-common/-/cache-common-4.14.2.tgz",
      "integrity": "sha512-SbvAlG9VqNanCErr44q6lEKD2qoK4XtFNx9Qn8FK26ePCI8I9yU7pYB+eM/cZdS9SzQCRJBbHUumVr4bsQ4uxg=="
    },
    "node_modules/@algolia/cache-in-memory": {
      "version": "4.14.2",
      "resolved": "https://registry.npmjs.org/@algolia/cache-in-memory/-/cache-in-memory-4.14.2.tgz",
      "integrity": "sha512-HrOukWoop9XB/VFojPv1R5SVXowgI56T9pmezd/djh2JnVN/vXswhXV51RKy4nCpqxyHt/aGFSq2qkDvj6KiuQ==",
      "dependencies": {
        "@algolia/cache-common": "4.14.2"
      }
    },
    "node_modules/@algolia/client-account": {
      "version": "4.14.2",
      "resolved": "https://registry.npmjs.org/@algolia/client-account/-/client-account-4.14.2.tgz",
      "integrity": "sha512-WHtriQqGyibbb/Rx71YY43T0cXqyelEU0lB2QMBRXvD2X0iyeGl4qMxocgEIcbHyK7uqE7hKgjT8aBrHqhgc1w==",
      "dependencies": {
        "@algolia/client-common": "4.14.2",
        "@algolia/client-search": "4.14.2",
        "@algolia/transporter": "4.14.2"
      }
    },
    "node_modules/@algolia/client-analytics": {
      "version": "4.14.2",
      "resolved": "https://registry.npmjs.org/@algolia/client-analytics/-/client-analytics-4.14.2.tgz",
      "integrity": "sha512-yBvBv2mw+HX5a+aeR0dkvUbFZsiC4FKSnfqk9rrfX+QrlNOKEhCG0tJzjiOggRW4EcNqRmaTULIYvIzQVL2KYQ==",
      "dependencies": {
        "@algolia/client-common": "4.14.2",
        "@algolia/client-search": "4.14.2",
        "@algolia/requester-common": "4.14.2",
        "@algolia/transporter": "4.14.2"
      }
    },
    "node_modules/@algolia/client-common": {
      "version": "4.14.2",
      "resolved": "https://registry.npmjs.org/@algolia/client-common/-/client-common-4.14.2.tgz",
      "integrity": "sha512-43o4fslNLcktgtDMVaT5XwlzsDPzlqvqesRi4MjQz2x4/Sxm7zYg5LRYFol1BIhG6EwxKvSUq8HcC/KxJu3J0Q==",
      "dependencies": {
        "@algolia/requester-common": "4.14.2",
        "@algolia/transporter": "4.14.2"
      }
    },
    "node_modules/@algolia/client-personalization": {
      "version": "4.14.2",
      "resolved": "https://registry.npmjs.org/@algolia/client-personalization/-/client-personalization-4.14.2.tgz",
      "integrity": "sha512-ACCoLi0cL8CBZ1W/2juehSltrw2iqsQBnfiu/Rbl9W2yE6o2ZUb97+sqN/jBqYNQBS+o0ekTMKNkQjHHAcEXNw==",
      "dependencies": {
        "@algolia/client-common": "4.14.2",
        "@algolia/requester-common": "4.14.2",
        "@algolia/transporter": "4.14.2"
      }
    },
    "node_modules/@algolia/client-search": {
      "version": "4.14.2",
      "resolved": "https://registry.npmjs.org/@algolia/client-search/-/client-search-4.14.2.tgz",
      "integrity": "sha512-L5zScdOmcZ6NGiVbLKTvP02UbxZ0njd5Vq9nJAmPFtjffUSOGEp11BmD2oMJ5QvARgx2XbX4KzTTNS5ECYIMWw==",
      "dependencies": {
        "@algolia/client-common": "4.14.2",
        "@algolia/requester-common": "4.14.2",
        "@algolia/transporter": "4.14.2"
      }
    },
    "node_modules/@algolia/logger-common": {
      "version": "4.14.2",
      "resolved": "https://registry.npmjs.org/@algolia/logger-common/-/logger-common-4.14.2.tgz",
      "integrity": "sha512-/JGlYvdV++IcMHBnVFsqEisTiOeEr6cUJtpjz8zc0A9c31JrtLm318Njc72p14Pnkw3A/5lHHh+QxpJ6WFTmsA=="
    },
    "node_modules/@algolia/logger-console": {
      "version": "4.14.2",
      "resolved": "https://registry.npmjs.org/@algolia/logger-console/-/logger-console-4.14.2.tgz",
      "integrity": "sha512-8S2PlpdshbkwlLCSAB5f8c91xyc84VM9Ar9EdfE9UmX+NrKNYnWR1maXXVDQQoto07G1Ol/tYFnFVhUZq0xV/g==",
      "dependencies": {
        "@algolia/logger-common": "4.14.2"
      }
    },
    "node_modules/@algolia/requester-browser-xhr": {
      "version": "4.14.2",
      "resolved": "https://registry.npmjs.org/@algolia/requester-browser-xhr/-/requester-browser-xhr-4.14.2.tgz",
      "integrity": "sha512-CEh//xYz/WfxHFh7pcMjQNWgpl4wFB85lUMRyVwaDPibNzQRVcV33YS+63fShFWc2+42YEipFGH2iPzlpszmDw==",
      "dependencies": {
        "@algolia/requester-common": "4.14.2"
      }
    },
    "node_modules/@algolia/requester-common": {
      "version": "4.14.2",
      "resolved": "https://registry.npmjs.org/@algolia/requester-common/-/requester-common-4.14.2.tgz",
      "integrity": "sha512-73YQsBOKa5fvVV3My7iZHu1sUqmjjfs9TteFWwPwDmnad7T0VTCopttcsM3OjLxZFtBnX61Xxl2T2gmG2O4ehg=="
    },
    "node_modules/@algolia/requester-node-http": {
      "version": "4.14.2",
      "resolved": "https://registry.npmjs.org/@algolia/requester-node-http/-/requester-node-http-4.14.2.tgz",
      "integrity": "sha512-oDbb02kd1o5GTEld4pETlPZLY0e+gOSWjWMJHWTgDXbv9rm/o2cF7japO6Vj1ENnrqWvLBmW1OzV9g6FUFhFXg==",
      "dependencies": {
        "@algolia/requester-common": "4.14.2"
      }
    },
    "node_modules/@algolia/transporter": {
      "version": "4.14.2",
      "resolved": "https://registry.npmjs.org/@algolia/transporter/-/transporter-4.14.2.tgz",
      "integrity": "sha512-t89dfQb2T9MFQHidjHcfhh6iGMNwvuKUvojAj+JsrHAGbuSy7yE4BylhLX6R0Q1xYRoC4Vvv+O5qIw/LdnQfsQ==",
      "dependencies": {
        "@algolia/cache-common": "4.14.2",
        "@algolia/logger-common": "4.14.2",
        "@algolia/requester-common": "4.14.2"
      }
    },
    "node_modules/@kentico/kontent-core": {
      "version": "8.2.0",
      "resolved": "https://registry.npmjs.org/@kentico/kontent-core/-/kontent-core-8.2.0.tgz",
      "integrity": "sha512-tdEzLi4RukPg0KVIqgYBrfjz5POxNkGvpKclyw6inggtVf0cSdot6Fa+6RfywE+N6aU/nW2dE+GWGyiCiDDY/w==",
      "deprecated": "Package has been renamed to @kontent-ai/core-sdk. Please update your code to use the latest version.",
      "dependencies": {
        "axios": "0.24.0"
      },
      "engines": {
        "node": ">= 8"
      },
      "peerDependencies": {
        "rxjs": "^7.4.0"
      }
    },
    "node_modules/@kentico/kontent-core/node_modules/axios": {
      "version": "0.24.0",
      "resolved": "https://registry.npmjs.org/axios/-/axios-0.24.0.tgz",
      "integrity": "sha512-Q6cWsys88HoPgAaFAVUb0WpPk0O8iTeisR9IMqy9G8AbO4NlpVknrnQS03zzF9PGAWgO3cgletO3VjV/P7VztA==",
      "dependencies": {
        "follow-redirects": "^1.14.4"
      }
    },
    "node_modules/@kentico/kontent-delivery": {
      "version": "10.5.0",
      "resolved": "https://registry.npmjs.org/@kentico/kontent-delivery/-/kontent-delivery-10.5.0.tgz",
      "integrity": "sha512-VhKcXtnhLl7AiKGB5AD1xc11nSxgbJXFARZ86e1FfbEehGerLHCh3fG5APd9BkKuXUpUFoCyqRsdUiSG1Hmblw==",
      "deprecated": "Package has been renamed to @kontent-ai/delivery-sdk. Please update your code to use the latest version",
      "dependencies": {
        "@kentico/kontent-core": "8.2.0",
        "parse5": "6.0.1",
        "reflect-metadata": "0.1.13"
      },
      "engines": {
        "node": ">= 8"
      },
      "peerDependencies": {
        "rxjs": "^7.4.0"
      }
    },
    "node_modules/@kentico/kontent-webhook-helper": {
      "version": "1.2.0",
      "resolved": "https://registry.npmjs.org/@kentico/kontent-webhook-helper/-/kontent-webhook-helper-1.2.0.tgz",
      "integrity": "sha512-VDdb9wYxNjv197E9iZm4LFQJdOFE5BIyJ9ZIIPFACRiBvE+rK4s6i1w7j4mN0VTM3xqOjMbevFov5iGCkfKqHQ==",
      "deprecated": "Package has been renamed to @kontent-ai/webhook-helper. Please update your code to use the latest version"
    },
    "node_modules/algoliasearch": {
      "version": "4.14.2",
      "resolved": "https://registry.npmjs.org/algoliasearch/-/algoliasearch-4.14.2.tgz",
      "integrity": "sha512-ngbEQonGEmf8dyEh5f+uOIihv4176dgbuOZspiuhmTTBRBuzWu3KCGHre6uHj5YyuC7pNvQGzB6ZNJyZi0z+Sg==",
      "dependencies": {
        "@algolia/cache-browser-local-storage": "4.14.2",
        "@algolia/cache-common": "4.14.2",
        "@algolia/cache-in-memory": "4.14.2",
        "@algolia/client-account": "4.14.2",
        "@algolia/client-analytics": "4.14.2",
        "@algolia/client-common": "4.14.2",
        "@algolia/client-personalization": "4.14.2",
        "@algolia/client-search": "4.14.2",
        "@algolia/logger-common": "4.14.2",
        "@algolia/logger-console": "4.14.2",
        "@algolia/requester-browser-xhr": "4.14.2",
        "@algolia/requester-common": "4.14.2",
        "@algolia/requester-node-http": "4.14.2",
        "@algolia/transporter": "4.14.2"
      }
    },
    "node_modules/axios": {
      "version": "0.21.4",
      "resolved": "https://registry.npmjs.org/axios/-/axios-0.21.4.tgz",
      "integrity": "sha512-ut5vewkiu8jjGBdqpM44XxjuCjq9LAKeHVmoVfHVzy8eHgxxq8SbAVQNovDA8mVi05kP0Ea/n/UzcSHcTJQfNg==",
      "dependencies": {
        "follow-redirects": "^1.14.0"
      }
    },
    "node_modules/follow-redirects": {
      "version": "1.15.2",
      "resolved": "https://registry.npmjs.org/follow-redirects/-/follow-redirects-1.15.2.tgz",
      "integrity": "sha512-VQLG33o04KaQ8uYi2tVNbdrWp1QWxNNea+nmIB4EVM28v0hmP17z7aG1+wAkNzVq4KeXTq3221ye5qTJP91JwA==",
      "funding": [
        {
          "type": "individual",
          "url": "https://github.com/sponsors/RubenVerborgh"
        }
      ],
      "engines": {
        "node": ">=4.0"
      },
      "peerDependenciesMeta": {
        "debug": {
          "optional": true
        }
      }
    },
    "node_modules/parse5": {
      "version": "6.0.1",
      "resolved": "https://registry.npmjs.org/parse5/-/parse5-6.0.1.tgz",
      "integrity": "sha512-Ofn/CTFzRGTTxwpNEs9PP93gXShHcTq255nzRYSKe8AkVpZY7e1fpmTfOyoIvjP5HG7Z2ZM7VS9PPhQGW2pOpw=="
    },
    "node_modules/reflect-metadata": {
      "version": "0.1.13",
      "resolved": "https://registry.npmjs.org/reflect-metadata/-/reflect-metadata-0.1.13.tgz",
      "integrity": "sha512-Ts1Y/anZELhSsjMcU605fU9RE4Oi3p5ORujwbIKXfWa+0Zxs510Qrmrce5/Jowq3cHSZSJqBjypxmHarc+vEWg=="
    },
    "node_modules/rxjs": {
      "version": "7.5.7",
      "resolved": "https://registry.npmjs.org/rxjs/-/rxjs-7.5.7.tgz",
      "integrity": "sha512-z9MzKh/UcOqB3i20H6rtrlaE/CgjLOvheWK/9ILrbhROGTweAi1BaFsTT9FbwZi5Trr1qNRs+MXkhmR06awzQA==",
      "peer": true,
      "dependencies": {
        "tslib": "^2.1.0"
      }
    },
    "node_modules/tslib": {
      "version": "2.4.0",
      "resolved": "https://registry.npmjs.org/tslib/-/tslib-2.4.0.tgz",
      "integrity": "sha512-d6xOpEDfsi2CZVlPQzGeux8XMwLT9hssAsaPYExaQMuYskwb+x1x7J371tWlbBdWHroy99KnVB6qIkUbs5X3UQ==",
      "peer": true
    },
    "node_modules/typescript": {
      "version": "3.9.10",
      "resolved": "https://registry.npmjs.org/typescript/-/typescript-3.9.10.tgz",
      "integrity": "sha512-w6fIxVE/H1PkLKcCPsFqKE7Kv7QUwhU8qQY2MueZXWx5cPZdwFupLgKK3vntcK98BtNHZtAF4LA/yl2a7k8R6Q==",
      "dev": true,
      "bin": {
        "tsc": "bin/tsc",
        "tsserver": "bin/tsserver"
      },
      "engines": {
        "node": ">=4.2.0"
      }
    }
  },
  "dependencies": {
    "@algolia/cache-browser-local-storage": {
      "version": "4.14.2",
      "resolved": "https://registry.npmjs.org/@algolia/cache-browser-local-storage/-/cache-browser-local-storage-4.14.2.tgz",
      "integrity": "sha512-FRweBkK/ywO+GKYfAWbrepewQsPTIEirhi1BdykX9mxvBPtGNKccYAxvGdDCumU1jL4r3cayio4psfzKMejBlA==",
      "requires": {
        "@algolia/cache-common": "4.14.2"
      }
    },
    "@algolia/cache-common": {
      "version": "4.14.2",
      "resolved": "https://registry.npmjs.org/@algolia/cache-common/-/cache-common-4.14.2.tgz",
      "integrity": "sha512-SbvAlG9VqNanCErr44q6lEKD2qoK4XtFNx9Qn8FK26ePCI8I9yU7pYB+eM/cZdS9SzQCRJBbHUumVr4bsQ4uxg=="
    },
    "@algolia/cache-in-memory": {
      "version": "4.14.2",
      "resolved": "https://registry.npmjs.org/@algolia/cache-in-memory/-/cache-in-memory-4.14.2.tgz",
      "integrity": "sha512-HrOukWoop9XB/VFojPv1R5SVXowgI56T9pmezd/djh2JnVN/vXswhXV51RKy4nCpqxyHt/aGFSq2qkDvj6KiuQ==",
      "requires": {
        "@algolia/cache-common": "4.14.2"
      }
    },
    "@algolia/client-account": {
      "version": "4.14.2",
      "resolved": "https://registry.npmjs.org/@algolia/client-account/-/client-account-4.14.2.tgz",
      "integrity": "sha512-WHtriQqGyibbb/Rx71YY43T0cXqyelEU0lB2QMBRXvD2X0iyeGl4qMxocgEIcbHyK7uqE7hKgjT8aBrHqhgc1w==",
      "requires": {
        "@algolia/client-common": "4.14.2",
        "@algolia/client-search": "4.14.2",
        "@algolia/transporter": "4.14.2"
      }
    },
    "@algolia/client-analytics": {
      "version": "4.14.2",
      "resolved": "https://registry.npmjs.org/@algolia/client-analytics/-/client-analytics-4.14.2.tgz",
      "integrity": "sha512-yBvBv2mw+HX5a+aeR0dkvUbFZsiC4FKSnfqk9rrfX+QrlNOKEhCG0tJzjiOggRW4EcNqRmaTULIYvIzQVL2KYQ==",
      "requires": {
        "@algolia/client-common": "4.14.2",
        "@algolia/client-search": "4.14.2",
        "@algolia/requester-common": "4.14.2",
        "@algolia/transporter": "4.14.2"
      }
    },
    "@algolia/client-common": {
      "version": "4.14.2",
      "resolved": "https://registry.npmjs.org/@algolia/client-common/-/client-common-4.14.2.tgz",
      "integrity": "sha512-43o4fslNLcktgtDMVaT5XwlzsDPzlqvqesRi4MjQz2x4/Sxm7zYg5LRYFol1BIhG6EwxKvSUq8HcC/KxJu3J0Q==",
      "requires": {
        "@algolia/requester-common": "4.14.2",
        "@algolia/transporter": "4.14.2"
      }
    },
    "@algolia/client-personalization": {
      "version": "4.14.2",
      "resolved": "https://registry.npmjs.org/@algolia/client-personalization/-/client-personalization-4.14.2.tgz",
      "integrity": "sha512-ACCoLi0cL8CBZ1W/2juehSltrw2iqsQBnfiu/Rbl9W2yE6o2ZUb97+sqN/jBqYNQBS+o0ekTMKNkQjHHAcEXNw==",
      "requires": {
        "@algolia/client-common": "4.14.2",
        "@algolia/requester-common": "4.14.2",
        "@algolia/transporter": "4.14.2"
      }
    },
    "@algolia/client-search": {
      "version": "4.14.2",
      "resolved": "https://registry.npmjs.org/@algolia/client-search/-/client-search-4.14.2.tgz",
      "integrity": "sha512-L5zScdOmcZ6NGiVbLKTvP02UbxZ0njd5Vq9nJAmPFtjffUSOGEp11BmD2oMJ5QvARgx2XbX4KzTTNS5ECYIMWw==",
      "requires": {
        "@algolia/client-common": "4.14.2",
        "@algolia/requester-common": "4.14.2",
        "@algolia/transporter": "4.14.2"
      }
    },
    "@algolia/logger-common": {
      "version": "4.14.2",
      "resolved": "https://registry.npmjs.org/@algolia/logger-common/-/logger-common-4.14.2.tgz",
      "integrity": "sha512-/JGlYvdV++IcMHBnVFsqEisTiOeEr6cUJtpjz8zc0A9c31JrtLm318Njc72p14Pnkw3A/5lHHh+QxpJ6WFTmsA=="
    },
    "@algolia/logger-console": {
      "version": "4.14.2",
      "resolved": "https://registry.npmjs.org/@algolia/logger-console/-/logger-console-4.14.2.tgz",
      "integrity": "sha512-8S2PlpdshbkwlLCSAB5f8c91xyc84VM9Ar9EdfE9UmX+NrKNYnWR1maXXVDQQoto07G1Ol/tYFnFVhUZq0xV/g==",
      "requires": {
        "@algolia/logger-common": "4.14.2"
      }
    },
    "@algolia/requester-browser-xhr": {
      "version": "4.14.2",
      "resolved": "https://registry.npmjs.org/@algolia/requester-browser-xhr/-/requester-browser-xhr-4.14.2.tgz",
      "integrity": "sha512-CEh//xYz/WfxHFh7pcMjQNWgpl4wFB85lUMRyVwaDPibNzQRVcV33YS+63fShFWc2+42YEipFGH2iPzlpszmDw==",
      "requires": {
        "@algolia/requester-common": "4.14.2"
      }
    },
    "@algolia/requester-common": {
      "version": "4.14.2",
      "resolved": "https://registry.npmjs.org/@algolia/requester-common/-/requester-common-4.14.2.tgz",
      "integrity": "sha512-73YQsBOKa5fvVV3My7iZHu1sUqmjjfs9TteFWwPwDmnad7T0VTCopttcsM3OjLxZFtBnX61Xxl2T2gmG2O4ehg=="
    },
    "@algolia/requester-node-http": {
      "version": "4.14.2",
      "resolved": "https://registry.npmjs.org/@algolia/requester-node-http/-/requester-node-http-4.14.2.tgz",
      "integrity": "sha512-oDbb02kd1o5GTEld4pETlPZLY0e+gOSWjWMJHWTgDXbv9rm/o2cF7japO6Vj1ENnrqWvLBmW1OzV9g6FUFhFXg==",
      "requires": {
        "@algolia/requester-common": "4.14.2"
      }
    },
    "@algolia/transporter": {
      "version": "4.14.2",
      "resolved": "https://registry.npmjs.org/@algolia/transporter/-/transporter-4.14.2.tgz",
      "integrity": "sha512-t89dfQb2T9MFQHidjHcfhh6iGMNwvuKUvojAj+JsrHAGbuSy7yE4BylhLX6R0Q1xYRoC4Vvv+O5qIw/LdnQfsQ==",
      "requires": {
        "@algolia/cache-common": "4.14.2",
        "@algolia/logger-common": "4.14.2",
        "@algolia/requester-common": "4.14.2"
      }
    },
    "@kentico/kontent-core": {
      "version": "8.2.0",
      "resolved": "https://registry.npmjs.org/@kentico/kontent-core/-/kontent-core-8.2.0.tgz",
      "integrity": "sha512-tdEzLi4RukPg0KVIqgYBrfjz5POxNkGvpKclyw6inggtVf0cSdot6Fa+6RfywE+N6aU/nW2dE+GWGyiCiDDY/w==",
      "requires": {
        "axios": "0.24.0"
      },
      "dependencies": {
        "axios": {
          "version": "0.24.0",
          "resolved": "https://registry.npmjs.org/axios/-/axios-0.24.0.tgz",
          "integrity": "sha512-Q6cWsys88HoPgAaFAVUb0WpPk0O8iTeisR9IMqy9G8AbO4NlpVknrnQS03zzF9PGAWgO3cgletO3VjV/P7VztA==",
          "requires": {
            "follow-redirects": "^1.14.4"
          }
        }
      }
    },
    "@kentico/kontent-delivery": {
      "version": "10.5.0",
      "resolved": "https://registry.npmjs.org/@kentico/kontent-delivery/-/kontent-delivery-10.5.0.tgz",
      "integrity": "sha512-VhKcXtnhLl7AiKGB5AD1xc11nSxgbJXFARZ86e1FfbEehGerLHCh3fG5APd9BkKuXUpUFoCyqRsdUiSG1Hmblw==",
      "requires": {
        "@kentico/kontent-core": "8.2.0",
        "parse5": "6.0.1",
        "reflect-metadata": "0.1.13"
      }
    },
    "@kentico/kontent-webhook-helper": {
      "version": "1.2.0",
      "resolved": "https://registry.npmjs.org/@kentico/kontent-webhook-helper/-/kontent-webhook-helper-1.2.0.tgz",
      "integrity": "sha512-VDdb9wYxNjv197E9iZm4LFQJdOFE5BIyJ9ZIIPFACRiBvE+rK4s6i1w7j4mN0VTM3xqOjMbevFov5iGCkfKqHQ=="
    },
    "algoliasearch": {
      "version": "4.14.2",
      "resolved": "https://registry.npmjs.org/algoliasearch/-/algoliasearch-4.14.2.tgz",
      "integrity": "sha512-ngbEQonGEmf8dyEh5f+uOIihv4176dgbuOZspiuhmTTBRBuzWu3KCGHre6uHj5YyuC7pNvQGzB6ZNJyZi0z+Sg==",
      "requires": {
        "@algolia/cache-browser-local-storage": "4.14.2",
        "@algolia/cache-common": "4.14.2",
        "@algolia/cache-in-memory": "4.14.2",
        "@algolia/client-account": "4.14.2",
        "@algolia/client-analytics": "4.14.2",
        "@algolia/client-common": "4.14.2",
        "@algolia/client-personalization": "4.14.2",
        "@algolia/client-search": "4.14.2",
        "@algolia/logger-common": "4.14.2",
        "@algolia/logger-console": "4.14.2",
        "@algolia/requester-browser-xhr": "4.14.2",
        "@algolia/requester-common": "4.14.2",
        "@algolia/requester-node-http": "4.14.2",
        "@algolia/transporter": "4.14.2"
      }
    },
    "axios": {
      "version": "0.21.4",
      "resolved": "https://registry.npmjs.org/axios/-/axios-0.21.4.tgz",
      "integrity": "sha512-ut5vewkiu8jjGBdqpM44XxjuCjq9LAKeHVmoVfHVzy8eHgxxq8SbAVQNovDA8mVi05kP0Ea/n/UzcSHcTJQfNg==",
      "requires": {
        "follow-redirects": "^1.14.0"
      }
    },
    "follow-redirects": {
      "version": "1.15.2",
      "resolved": "https://registry.npmjs.org/follow-redirects/-/follow-redirects-1.15.2.tgz",
      "integrity": "sha512-VQLG33o04KaQ8uYi2tVNbdrWp1QWxNNea+nmIB4EVM28v0hmP17z7aG1+wAkNzVq4KeXTq3221ye5qTJP91JwA=="
    },
    "parse5": {
      "version": "6.0.1",
      "resolved": "https://registry.npmjs.org/parse5/-/parse5-6.0.1.tgz",
      "integrity": "sha512-Ofn/CTFzRGTTxwpNEs9PP93gXShHcTq255nzRYSKe8AkVpZY7e1fpmTfOyoIvjP5HG7Z2ZM7VS9PPhQGW2pOpw=="
    },
    "reflect-metadata": {
      "version": "0.1.13",
      "resolved": "https://registry.npmjs.org/reflect-metadata/-/reflect-metadata-0.1.13.tgz",
      "integrity": "sha512-Ts1Y/anZELhSsjMcU605fU9RE4Oi3p5ORujwbIKXfWa+0Zxs510Qrmrce5/Jowq3cHSZSJqBjypxmHarc+vEWg=="
    },
    "rxjs": {
      "version": "7.5.7",
      "resolved": "https://registry.npmjs.org/rxjs/-/rxjs-7.5.7.tgz",
      "integrity": "sha512-z9MzKh/UcOqB3i20H6rtrlaE/CgjLOvheWK/9ILrbhROGTweAi1BaFsTT9FbwZi5Trr1qNRs+MXkhmR06awzQA==",
      "peer": true,
      "requires": {
        "tslib": "^2.1.0"
      }
    },
    "tslib": {
      "version": "2.4.0",
      "resolved": "https://registry.npmjs.org/tslib/-/tslib-2.4.0.tgz",
      "integrity": "sha512-d6xOpEDfsi2CZVlPQzGeux8XMwLT9hssAsaPYExaQMuYskwb+x1x7J371tWlbBdWHroy99KnVB6qIkUbs5X3UQ==",
      "peer": true
    },
    "typescript": {
      "version": "3.9.10",
      "resolved": "https://registry.npmjs.org/typescript/-/typescript-3.9.10.tgz",
      "integrity": "sha512-w6fIxVE/H1PkLKcCPsFqKE7Kv7QUwhU8qQY2MueZXWx5cPZdwFupLgKK3vntcK98BtNHZtAF4LA/yl2a7k8R6Q==",
      "dev": true
    }
  }
}
